
Microsoft Visual Studio Solution File, Format Version 12.00
Project("{FAE04EC0-301F-11D3-BF4B-00C04F79EFBC}") = "EmitToolbox", "EmitToolbox\EmitToolbox.csproj", "{4D8A4962-E27C-4473-830E-44446297B2B7}"
EndProject
Project("{2150E333-8FDC-42A3-9474-1A3956D46DE8}") = "Tests", "Tests", "{481CAB4A-90DB-41AC-8797-E634785F4B28}"
EndProject
Project("{FAE04EC0-301F-11D3-BF4B-00C04F79EFBC}") = "EmitToolbox.Test", "Tests\EmitToolbox.Test\EmitToolbox.Test.csproj", "{ACF28732-1759-40B9-BF78-BA5AC0A9DC98}"
EndProject
Global
	GlobalSection(SolutionConfigurationPlatforms) = preSolution
		Debug|Any CPU = Debug|Any CPU
		Release|Any CPU = Release|Any CPU
	EndGlobalSection
	GlobalSection(ProjectConfigurationPlatforms) = postSolution
		{4D8A4962-E27C-4473-830E-44446297B2B7}.Debug|Any CPU.ActiveCfg = Debug|Any CPU
		{4D8A4962-E27C-4473-830E-44446297B2B7}.Debug|Any CPU.Build.0 = Debug|Any CPU
		{4D8A4962-E27C-4473-830E-44446297B2B7}.Release|Any CPU.ActiveCfg = Release|Any CPU
		{4D8A4962-E27C-4473-830E-44446297B2B7}.Release|Any CPU.Build.0 = Release|Any CPU
		{ACF28732-1759-40B9-BF78-BA5AC0A9DC98}.Debug|Any CPU.ActiveCfg = Debug|Any CPU
		{ACF28732-1759-40B9-BF78-BA5AC0A9DC98}.Debug|Any CPU.Build.0 = Debug|Any CPU
		{ACF28732-1759-40B9-BF78-BA5AC0A9DC98}.Release|Any CPU.ActiveCfg = Release|Any CPU
		{ACF28732-1759-40B9-BF78-BA5AC0A9DC98}.Release|Any CPU.Build.0 = Release|Any CPU
	EndGlobalSection
	GlobalSection(NestedProjects) = preSolution
		{ACF28732-1759-40B9-BF78-BA5AC0A9DC98} = {481CAB4A-90DB-41AC-8797-E634785F4B28}
	EndGlobalSection
EndGlobal
